// !$*UTF8*$!
{
	archiveVersion = 1;
	classes = {
	};
	objectVersion = 56;
	objects = {

/* Begin PBXBuildFile section */
		BD4C8C432A61949800483B0B /* questionsAppApp.swift in Sources */ = {isa = PBXBuildFile; fileRef = BD4C8C422A61949800483B0B /* questionsAppApp.swift */; };
		BD4C8C452A61949800483B0B /* ContentView.swift in Sources */ = {isa = PBXBuildFile; fileRef = BD4C8C442A61949800483B0B /* ContentView.swift */; };
		BD4C8C472A61949900483B0B /* Assets.xcassets in Resources */ = {isa = PBXBuildFile; fileRef = BD4C8C462A61949900483B0B /* Assets.xcassets */; };
		BD4C8C4A2A61949900483B0B /* Preview Assets.xcassets in Resources */ = {isa = PBXBuildFile; fileRef = BD4C8C492A61949900483B0B /* Preview Assets.xcassets */; };
		BD4C8C542A61949900483B0B /* questionsAppTests.swift in Sources */ = {isa = PBXBuildFile; fileRef = BD4C8C532A61949900483B0B /* questionsAppTests.swift */; };
		BD4C8C5E2A61949900483B0B /* questionsAppUITests.swift in Sources */ = {isa = PBXBuildFile; fileRef = BD4C8C5D2A61949900483B0B /* questionsAppUITests.swift */; };
		BD4C8C602A61949900483B0B /* questionsAppUITestsLaunchTests.swift in Sources */ = {isa = PBXBuildFile; fileRef = BD4C8C5F2A61949900483B0B /* questionsAppUITestsLaunchTests.swift */; };
		BD4C8C6D2A61966B00483B0B /* questionOne.swift in Sources */ = {isa = PBXBuildFile; fileRef = BD4C8C6C2A61966A00483B0B /* questionOne.swift */; };
		BD4C8C6F2A61967700483B0B /* questionTwo.swift in Sources */ = {isa = PBXBuildFile; fileRef = BD4C8C6E2A61967700483B0B /* questionTwo.swift */; };
		BD4C8C712A61968800483B0B /* questionThree.swift in Sources */ = {isa = PBXBuildFile; fileRef = BD4C8C702A61968800483B0B /* questionThree.swift */; };
		BD4C8C732A61A05300483B0B /* done.swift in Sources */ = {isa = PBXBuildFile; fileRef = BD4C8C722A61A05300483B0B /* done.swift */; };
/* End PBXBuildFile section */

/* Begin PBXContainerItemProxy section */
		BD4C8C502A61949900483B0B /* PBXContainerItemProxy */ = {
			isa = PBXContainerItemProxy;
			containerPortal = BD4C8C372A61949700483B0B /* Project object */;
			proxyType = 1;
			remoteGlobalIDString = BD4C8C3E2A61949800483B0B;
			remoteInfo = questionsApp;
		};
		BD4C8C5A2A61949900483B0B /* PBXContainerItemProxy */ = {
			isa = PBXContainerItemProxy;
			containerPortal = BD4C8C372A61949700483B0B /* Project object */;
			proxyType = 1;
			remoteGlobalIDString = BD4C8C3E2A61949800483B0B;
			remoteInfo = questionsApp;
		};
/* End PBXContainerItemProxy section */

/* Begin PBXFileReference section */
		BD4C8C3F2A61949800483B0B /* questionsApp.app */ = {isa = PBXFileReference; explicitFileType = wrapper.application; includeInIndex = 0; path = questionsApp.app; sourceTree = BUILT_PRODUCTS_DIR; };
		BD4C8C422A61949800483B0B /* questionsAppApp.swift */ = {isa = PBXFileReference; lastKnownFileType = sourcecode.swift; path = questionsAppApp.swift; sourceTree = "<group>"; };
		BD4C8C442A61949800483B0B /* ContentView.swift */ = {isa = PBXFileReference; lastKnownFileType = sourcecode.swift; path = ContentView.swift; sourceTree = "<group>"; };
		BD4C8C462A61949900483B0B /* Assets.xcassets */ = {isa = PBXFileReference; lastKnownFileType = folder.assetcatalog; path = Assets.xcassets; sourceTree = "<group>"; };
		BD4C8C492A61949900483B0B /* Preview Assets.xcassets */ = {isa = PBXFileReference; lastKnownFileType = folder.assetcatalog; path = "Preview Assets.xcassets"; sourceTree = "<group>"; };
		BD4C8C4F2A61949900483B0B /* questionsAppTests.xctest */ = {isa = PBXFileReference; explicitFileType = wrapper.cfbundle; includeInIndex = 0; path = questionsAppTests.xctest; sourceTree = BUILT_PRODUCTS_DIR; };
		BD4C8C532A61949900483B0B /* questionsAppTests.swift */ = {isa = PBXFileReference; lastKnownFileType = sourcecode.swift; path = questionsAppTests.swift; sourceTree = "<group>"; };
		BD4C8C592A61949900483B0B /* questionsAppUITests.xctest */ = {isa = PBXFileReference; explicitFileType = wrapper.cfbundle; includeInIndex = 0; path = questionsAppUITests.xctest; sourceTree = BUILT_PRODUCTS_DIR; };
		BD4C8C5D2A61949900483B0B /* questionsAppUITests.swift */ = {isa = PBXFileReference; lastKnownFileType = sourcecode.swift; path = questionsAppUITests.swift; sourceTree = "<group>"; };
		BD4C8C5F2A61949900483B0B /* questionsAppUITestsLaunchTests.swift */ = {isa = PBXFileReference; lastKnownFileType = sourcecode.swift; path = questionsAppUITestsLaunchTests.swift; sourceTree = "<group>"; };
		BD4C8C6C2A61966A00483B0B /* questionOne.swift */ = {isa = PBXFileReference; lastKnownFileType = sourcecode.swift; path = questionOne.swift; sourceTree = "<group>"; };
		BD4C8C6E2A61967700483B0B /* questionTwo.swift */ = {isa = PBXFileReference; lastKnownFileType = sourcecode.swift; path = questionTwo.swift; sourceTree = "<group>"; };
		BD4C8C702A61968800483B0B /* questionThree.swift */ = {isa = PBXFileReference; lastKnownFileType = sourcecode.swift; path = questionThree.swift; sourceTree = "<group>"; };
		BD4C8C722A61A05300483B0B /* done.swift */ = {isa = PBXFileReference; lastKnownFileType = sourcecode.swift; path = done.swift; sourceTree = "<group>"; };
/* End PBXFileReference section */

/* Begin PBXFrameworksBuildPhase section */
		BD4C8C3C2A61949800483B0B /* Frameworks */ = {
			isa = PBXFrameworksBuildPhase;
			buildActionMask = 2147483647;
			files = (
			);
			runOnlyForDeploymentPostprocessing = 0;
		};
		BD4C8C4C2A61949900483B0B /* Frameworks */ = {
			isa = PBXFrameworksBuildPhase;
			buildActionMask = 2147483647;
			files = (
			);
			runOnlyForDeploymentPostprocessing = 0;
		};
		BD4C8C562A61949900483B0B /* Frameworks */ = {
			isa = PBXFrameworksBuildPhase;
			buildActionMask = 2147483647;
			files = (
			);
			runOnlyForDeploymentPostprocessing = 0;
		};
/* End PBXFrameworksBuildPhase section */

/* Begin PBXGroup section */
		BD4C8C362A61949700483B0B = {
			isa = PBXGroup;
			children = (
				BD4C8C412A61949800483B0B /* questionsApp */,
				BD4C8C522A61949900483B0B /* questionsAppTests */,
				BD4C8C5C2A61949900483B0B /* questionsAppUITests */,
				BD4C8C402A61949800483B0B /* Products */,
			);
			sourceTree = "<group>";
		};
		BD4C8C402A61949800483B0B /* Products */ = {
			isa = PBXGroup;
			children = (
				BD4C8C3F2A61949800483B0B /* questionsApp.app */,
				BD4C8C4F2A61949900483B0B /* questionsAppTests.xctest */,
				BD4C8C592A61949900483B0B /* questionsAppUITests.xctest */,
			);
			name = Products;
			sourceTree = "<group>";
		};
		BD4C8C412A61949800483B0B /* questionsApp */ = {
			isa = PBXGroup;
			children = (
				BD4C8C422A61949800483B0B /* questionsAppApp.swift */,
				BD4C8C442A61949800483B0B /* ContentView.swift */,
				BD4C8C6C2A61966A00483B0B /* questionOne.swift */,
				BD4C8C6E2A61967700483B0B /* questionTwo.swift */,
				BD4C8C702A61968800483B0B /* questionThree.swift */,
				BD4C8C722A61A05300483B0B /* done.swift */,
				BD4C8C462A61949900483B0B /* Assets.xcassets */,
				BD4C8C482A61949900483B0B /* Preview Content */,
			);
			path = questionsApp;
			sourceTree = "<group>";
		};
		BD4C8C482A61949900483B0B /* Preview Content */ = {
			isa = PBXGroup;
			children = (
				BD4C8C492A61949900483B0B /* Preview Assets.xcassets */,
			);
			path = "Preview Content";
			sourceTree = "<group>";
		};
		BD4C8C522A61949900483B0B /* questionsAppTests */ = {
			isa = PBXGroup;
			children = (
				BD4C8C532A61949900483B0B /* questionsAppTests.swift */,
			);
			path = questionsAppTests;
			sourceTree = "<group>";
		};
		BD4C8C5C2A61949900483B0B /* questionsAppUITests */ = {
			isa = PBXGroup;
			children = (
				BD4C8C5D2A61949900483B0B /* questionsAppUITests.swift */,
				BD4C8C5F2A61949900483B0B /* questionsAppUITestsLaunchTests.swift */,
			);
			path = questionsAppUITests;
			sourceTree = "<group>";
		};
/* End PBXGroup section */

/* Begin PBXNativeTarget section */
		BD4C8C3E2A61949800483B0B /* questionsApp */ = {
			isa = PBXNativeTarget;
			buildConfigurationList = BD4C8C632A61949900483B0B /* Build configuration list for PBXNativeTarget "questionsApp" */;
			buildPhases = (
				BD4C8C3B2A61949800483B0B /* Sources */,
				BD4C8C3C2A61949800483B0B /* Frameworks */,
				BD4C8C3D2A61949800483B0B /* Resources */,
			);
			buildRules = (
			);
			dependencies = (
			);
			name = questionsApp;
			productName = questionsApp;
			productReference = BD4C8C3F2A61949800483B0B /* questionsApp.app */;
			productType = "com.apple.product-type.application";
		};
		BD4C8C4E2A61949900483B0B /* questionsAppTests */ = {
			isa = PBXNativeTarget;
			buildConfigurationList = BD4C8C662A61949900483B0B /* Build configuration list for PBXNativeTarget "questionsAppTests" */;
			buildPhases = (
				BD4C8C4B2A61949900483B0B /* Sources */,
				BD4C8C4C2A61949900483B0B /* Frameworks */,
				BD4C8C4D2A61949900483B0B /* Resources */,
			);
			buildRules = (
			);
			dependencies = (
				BD4C8C512A61949900483B0B /* PBXTargetDependency */,
			);
			name = questionsAppTests;
			productName = questionsAppTests;
			productReference = BD4C8C4F2A61949900483B0B /* questionsAppTests.xctest */;
			productType = "com.apple.product-type.bundle.unit-test";
		};
		BD4C8C582A61949900483B0B /* questionsAppUITests */ = {
			isa = PBXNativeTarget;
			buildConfigurationList = BD4C8C692A61949900483B0B /* Build configuration list for PBXNativeTarget "questionsAppUITests" */;
			buildPhases = (
				BD4C8C552A61949900483B0B /* Sources */,
				BD4C8C562A61949900483B0B /* Frameworks */,
				BD4C8C572A61949900483B0B /* Resources */,
			);
			buildRules = (
			);
			dependencies = (
				BD4C8C5B2A61949900483B0B /* PBXTargetDependency */,
			);
			name = questionsAppUITests;
			productName = questionsAppUITests;
			productReference = BD4C8C592A61949900483B0B /* questionsAppUITests.xctest */;
			productType = "com.apple.product-type.bundle.ui-testing";
		};
/* End PBXNativeTarget section */

/* Begin PBXProject section */
		BD4C8C372A61949700483B0B /* Project object */ = {
			isa = PBXProject;
			attributes = {
				BuildIndependentTargetsInParallel = 1;
				LastSwiftUpdateCheck = 1430;
				LastUpgradeCheck = 1430;
				TargetAttributes = {
					BD4C8C3E2A61949800483B0B = {
						CreatedOnToolsVersion = 14.3.1;
					};
					BD4C8C4E2A61949900483B0B = {
						CreatedOnToolsVersion = 14.3.1;
						TestTargetID = BD4C8C3E2A61949800483B0B;
					};
					BD4C8C582A61949900483B0B = {
						CreatedOnToolsVersion = 14.3.1;
						TestTargetID = BD4C8C3E2A61949800483B0B;
					};
				};
			};
			buildConfigurationList = BD4C8C3A2A61949700483B0B /* Build configuration list for PBXProject "questionsApp" */;
			compatibilityVersion = "Xcode 14.0";
			developmentRegion = en;
			hasScannedForEncodings = 0;
			knownRegions = (
				en,
				Base,
			);
			mainGroup = BD4C8C362A61949700483B0B;
			productRefGroup = BD4C8C402A61949800483B0B /* Products */;
			projectDirPath = "";
			projectRoot = "";
			targets = (
				BD4C8C3E2A61949800483B0B /* questionsApp */,
				BD4C8C4E2A61949900483B0B /* questionsAppTests */,
				BD4C8C582A61949900483B0B /* questionsAppUITests */,
			);
		};
/* End PBXProject section */

/* Begin PBXResourcesBuildPhase section */
		BD4C8C3D2A61949800483B0B /* Resources */ = {
			isa = PBXResourcesBuildPhase;
			buildActionMask = 2147483647;
			files = (
				BD4C8C4A2A61949900483B0B /* Preview Assets.xcassets in Resources */,
				BD4C8C472A61949900483B0B /* Assets.xcassets in Resources */,
			);
			runOnlyForDeploymentPostprocessing = 0;
		};
		BD4C8C4D2A61949900483B0B /* Resources */ = {
			isa = PBXResourcesBuildPhase;
			buildActionMask = 2147483647;
			files = (
			);
			runOnlyForDeploymentPostprocessing = 0;
		};
		BD4C8C572A61949900483B0B /* Resources */ = {
			isa = PBXResourcesBuildPhase;
			buildActionMask = 2147483647;
			files = (
			);
			runOnlyForDeploymentPostprocessing = 0;
		};
/* End PBXResourcesBuildPhase section */

/* Begin PBXSourcesBuildPhase section */
		BD4C8C3B2A61949800483B0B /* Sources */ = {
			isa = PBXSourcesBuildPhase;
			buildActionMask = 2147483647;
			files = (
				BD4C8C712A61968800483B0B /* questionThree.swift in Sources */,
				BD4C8C452A61949800483B0B /* ContentView.swift in Sources */,
				BD4C8C432A61949800483B0B /* questionsAppApp.swift in Sources */,
				BD4C8C732A61A05300483B0B /* done.swift in Sources */,
				BD4C8C6F2A61967700483B0B /* questionTwo.swift in Sources */,
				BD4C8C6D2A61966B00483B0B /* questionOne.swift in Sources */,
			);
			runOnlyForDeploymentPostprocessing = 0;
		};
		BD4C8C4B2A61949900483B0B /* Sources */ = {
			isa = PBXSourcesBuildPhase;
			buildActionMask = 2147483647;
			files = (
				BD4C8C542A61949900483B0B /* questionsAppTests.swift in Sources */,
			);
			runOnlyForDeploymentPostprocessing = 0;
		};
		BD4C8C552A61949900483B0B /* Sources */ = {
			isa = PBXSourcesBuildPhase;
			buildActionMask = 2147483647;
			files = (
				BD4C8C602A61949900483B0B /* questionsAppUITestsLaunchTests.swift in Sources */,
				BD4C8C5E2A61949900483B0B /* questionsAppUITests.swift in Sources */,
			);
			runOnlyForDeploymentPostprocessing = 0;
		};
/* End PBXSourcesBuildPhase section */

/* Begin PBXTargetDependency section */
		BD4C8C512A61949900483B0B /* PBXTargetDependency */ = {
			isa = PBXTargetDependency;
			target = BD4C8C3E2A61949800483B0B /* questionsApp */;
			targetProxy = BD4C8C502A61949900483B0B /* PBXContainerItemProxy */;
		};
		BD4C8C5B2A61949900483B0B /* PBXTargetDependency */ = {
			isa = PBXTargetDependency;
			target = BD4C8C3E2A61949800483B0B /* questionsApp */;
			targetProxy = BD4C8C5A2A61949900483B0B /* PBXContainerItemProxy */;
		};
/* End PBXTargetDependency section */

/* Begin XCBuildConfiguration section */
		BD4C8C612A61949900483B0B /* Debug */ = {
			isa = XCBuildConfiguration;
			buildSettings = {
				ALWAYS_SEARCH_USER_PATHS = NO;
				CLANG_ANALYZER_NONNULL = YES;
				CLANG_ANALYZER_NUMBER_OBJECT_CONVERSION = YES_AGGRESSIVE;
				CLANG_CXX_LANGUAGE_STANDARD = "gnu++20";
				CLANG_ENABLE_MODULES = YES;
				CLANG_ENABLE_OBJC_ARC = YES;
				CLANG_ENABLE_OBJC_WEAK = YES;
				CLANG_WARN_BLOCK_CAPTURE_AUTORELEASING = YES;
				CLANG_WARN_BOOL_CONVERSION = YES;
				CLANG_WARN_COMMA = YES;
				CLANG_WARN_CONSTANT_CONVERSION = YES;
				CLANG_WARN_DEPRECATED_OBJC_IMPLEMENTATIONS = YES;
				CLANG_WARN_DIRECT_OBJC_ISA_USAGE = YES_ERROR;
				CLANG_WARN_DOCUMENTATION_COMMENTS = YES;
				CLANG_WARN_EMPTY_BODY = YES;
				CLANG_WARN_ENUM_CONVERSION = YES;
				CLANG_WARN_INFINITE_RECURSION = YES;
				CLANG_WARN_INT_CONVERSION = YES;
				CLANG_WARN_NON_LITERAL_NULL_CONVERSION = YES;
				CLANG_WARN_OBJC_IMPLICIT_RETAIN_SELF = YES;
				CLANG_WARN_OBJC_LITERAL_CONVERSION = YES;
				CLANG_WARN_OBJC_ROOT_CLASS = YES_ERROR;
				CLANG_WARN_QUOTED_INCLUDE_IN_FRAMEWORK_HEADER = YES;
				CLANG_WARN_RANGE_LOOP_ANALYSIS = YES;
				CLANG_WARN_STRICT_PROTOTYPES = YES;
				CLANG_WARN_SUSPICIOUS_MOVE = YES;
				CLANG_WARN_UNGUARDED_AVAILABILITY = YES_AGGRESSIVE;
				CLANG_WARN_UNREACHABLE_CODE = YES;
				CLANG_WARN__DUPLICATE_METHOD_MATCH = YES;
				COPY_PHASE_STRIP = NO;
				DEBUG_INFORMATION_FORMAT = dwarf;
				ENABLE_STRICT_OBJC_MSGSEND = YES;
				ENABLE_TESTABILITY = YES;
				GCC_C_LANGUAGE_STANDARD = gnu11;
				GCC_DYNAMIC_NO_PIC = NO;
				GCC_NO_COMMON_BLOCKS = YES;
				GCC_OPTIMIZATION_LEVEL = 0;
				GCC_PREPROCESSOR_DEFINITIONS = (
					"DEBUG=1",
					"$(inherited)",
				);
				GCC_WARN_64_TO_32_BIT_CONVERSION = YES;
				GCC_WARN_ABOUT_RETURN_TYPE = YES_ERROR;
				GCC_WARN_UNDECLARED_SELECTOR = YES;
				GCC_WARN_UNINITIALIZED_AUTOS = YES_AGGRESSIVE;
				GCC_WARN_UNUSED_FUNCTION = YES;
				GCC_WARN_UNUSED_VARIABLE = YES;
				IPHONEOS_DEPLOYMENT_TARGET = 16.4;
				MTL_ENABLE_DEBUG_INFO = INCLUDE_SOURCE;
				MTL_FAST_MATH = YES;
				ONLY_ACTIVE_ARCH = YES;
				SDKROOT = iphoneos;
				SWIFT_ACTIVE_COMPILATION_CONDITIONS = DEBUG;
				SWIFT_OPTIMIZATION_LEVEL = "-Onone";
			};
			name = Debug;
		};
		BD4C8C622A61949900483B0B /* Release */ = {
			isa = XCBuildConfiguration;
			buildSettings = {
				ALWAYS_SEARCH_USER_PATHS = NO;
				CLANG_ANALYZER_NONNULL = YES;
				CLANG_ANALYZER_NUMBER_OBJECT_CONVERSION = YES_AGGRESSIVE;
				CLANG_CXX_LANGUAGE_STANDARD = "gnu++20";
				CLANG_ENABLE_MODULES = YES;
				CLANG_ENABLE_OBJC_ARC = YES;
				CLANG_ENABLE_OBJC_WEAK = YES;
				CLANG_WARN_BLOCK_CAPTURE_AUTORELEASING = YES;
				CLANG_WARN_BOOL_CONVERSION = YES;
				CLANG_WARN_COMMA = YES;
				CLANG_WARN_CONSTANT_CONVERSION = YES;
				CLANG_WARN_DEPRECATED_OBJC_IMPLEMENTATIONS = YES;
				CLANG_WARN_DIRECT_OBJC_ISA_USAGE = YES_ERROR;
				CLANG_WARN_DOCUMENTATION_COMMENTS = YES;
				CLANG_WARN_EMPTY_BODY = YES;
				CLANG_WARN_ENUM_CONVERSION = YES;
				CLANG_WARN_INFINITE_RECURSION = YES;
				CLANG_WARN_INT_CONVERSION = YES;
				CLANG_WARN_NON_LITERAL_NULL_CONVERSION = YES;
				CLANG_WARN_OBJC_IMPLICIT_RETAIN_SELF = YES;
				CLANG_WARN_OBJC_LITERAL_CONVERSION = YES;
				CLANG_WARN_OBJC_ROOT_CLASS = YES_ERROR;
				CLANG_WARN_QUOTED_INCLUDE_IN_FRAMEWORK_HEADER = YES;
				CLANG_WARN_RANGE_LOOP_ANALYSIS = YES;
				CLANG_WARN_STRICT_PROTOTYPES = YES;
				CLANG_WARN_SUSPICIOUS_MOVE = YES;
				CLANG_WARN_UNGUARDED_AVAILABILITY = YES_AGGRESSIVE;
				CLANG_WARN_UNREACHABLE_CODE = YES;
				CLANG_WARN__DUPLICATE_METHOD_MATCH = YES;
				COPY_PHASE_STRIP = NO;
				DEBUG_INFORMATION_FORMAT = "dwarf-with-dsym";
				ENABLE_NS_ASSERTIONS = NO;
				ENABLE_STRICT_OBJC_MSGSEND = YES;
				GCC_C_LANGUAGE_STANDARD = gnu11;
				GCC_NO_COMMON_BLOCKS = YES;
				GCC_WARN_64_TO_32_BIT_CONVERSION = YES;
				GCC_WARN_ABOUT_RETURN_TYPE = YES_ERROR;
				GCC_WARN_UNDECLARED_SELECTOR = YES;
				GCC_WARN_UNINITIALIZED_AUTOS = YES_AGGRESSIVE;
				GCC_WARN_UNUSED_FUNCTION = YES;
				GCC_WARN_UNUSED_VARIABLE = YES;
				IPHONEOS_DEPLOYMENT_TARGET = 16.4;
				MTL_ENABLE_DEBUG_INFO = NO;
				MTL_FAST_MATH = YES;
				SDKROOT = iphoneos;
				SWIFT_COMPILATION_MODE = wholemodule;
				SWIFT_OPTIMIZATION_LEVEL = "-O";
				VALIDATE_PRODUCT = YES;
			};
			name = Release;
		};
		BD4C8C642A61949900483B0B /* Debug */ = {
			isa = XCBuildConfiguration;
			buildSettings = {
				ASSETCATALOG_COMPILER_APPICON_NAME = AppIcon;
				ASSETCATALOG_COMPILER_GLOBAL_ACCENT_COLOR_NAME = AccentColor;
				CODE_SIGN_STYLE = Automatic;
				CURRENT_PROJECT_VERSION = 1;
				DEVELOPMENT_ASSET_PATHS = "\"questionsApp/Preview Content\"";
				ENABLE_PREVIEWS = YES;
				GENERATE_INFOPLIST_FILE = YES;
				INFOPLIST_KEY_UIApplicationSceneManifest_Generation = YES;
				INFOPLIST_KEY_UIApplicationSupportsIndirectInputEvents = YES;
				INFOPLIST_KEY_UILaunchScreen_Generation = YES;
				INFOPLIST_KEY_UISupportedInterfaceOrientations_iPad = "UIInterfaceOrientationPortrait UIInterfaceOrientationPortraitUpsideDown UIInterfaceOrientationLandscapeLeft UIInterfaceOrientationLandscapeRight";
				INFOPLIST_KEY_UISupportedInterfaceOrientations_iPhone = "UIInterfaceOrientationPortrait UIInterfaceOrientationLandscapeLeft UIInterfaceOrientationLandscapeRight";
				LD_RUNPATH_SEARCH_PATHS = (
					"$(inherited)",
					"@executable_path/Frameworks",
				);
				MARKETING_VERSION = 1.0;
				PRODUCT_BUNDLE_IDENTIFIER = KWK.questionsApp;
				PRODUCT_NAME = "$(TARGET_NAME)";
				SWIFT_EMIT_LOC_STRINGS = YES;
				SWIFT_VERSION = 5.0;
				TARGETED_DEVICE_FAMILY = "1,2";
			};
			name = Debug;
		};
		BD4C8C652A61949900483B0B /* Release */ = {
			isa = XCBuildConfiguration;
			buildSettings = {
				ASSETCATALOG_COMPILER_APPICON_NAME = AppIcon;
				ASSETCATALOG_COMPILER_GLOBAL_ACCENT_COLOR_NAME = AccentColor;
				CODE_SIGN_STYLE = Automatic;
				CURRENT_PROJECT_VERSION = 1;
				DEVELOPMENT_ASSET_PATHS = "\"questionsApp/Preview Content\"";
				ENABLE_PREVIEWS = YES;
				GENERATE_INFOPLIST_FILE = YES;
				INFOPLIST_KEY_UIApplicationSceneManifest_Generation = YES;
				INFOPLIST_KEY_UIApplicationSupportsIndirectInputEvents = YES;
				INFOPLIST_KEY_UILaunchScreen_Generation = YES;
				INFOPLIST_KEY_UISupportedInterfaceOrientations_iPad = "UIInterfaceOrientationPortrait UIInterfaceOrientationPortraitUpsideDown UIInterfaceOrientationLandscapeLeft UIInterfaceOrientationLandscapeRight";
				INFOPLIST_KEY_UISupportedInterfaceOrientations_iPhone = "UIInterfaceOrientationPortrait UIInterfaceOrientationLandscapeLeft UIInterfaceOrientationLandscapeRight";
				LD_RUNPATH_SEARCH_PATHS = (
					"$(inherited)",
					"@executable_path/Frameworks",
				);
				MARKETING_VERSION = 1.0;
				PRODUCT_BUNDLE_IDENTIFIER = KWK.questionsApp;
				PRODUCT_NAME = "$(TARGET_NAME)";
				SWIFT_EMIT_LOC_STRINGS = YES;
				SWIFT_VERSION = 5.0;
				TARGETED_DEVICE_FAMILY = "1,2";
			};
			name = Release;
		};
		BD4C8C672A61949900483B0B /* Debug */ = {
			isa = XCBuildConfiguration;
			buildSettings = {
				ALWAYS_EMBED_SWIFT_STANDARD_LIBRARIES = YES;
				BUNDLE_LOADER = "$(TEST_HOST)";
				CODE_SIGN_STYLE = Automatic;
				CURRENT_PROJECT_VERSION = 1;
				GENERATE_INFOPLIST_FILE = YES;
				IPHONEOS_DEPLOYMENT_TARGET = 16.4;
				MARKETING_VERSION = 1.0;
				PRODUCT_BUNDLE_IDENTIFIER = KWK.questionsAppTests;
				PRODUCT_NAME = "$(TARGET_NAME)";
				SWIFT_EMIT_LOC_STRINGS = NO;
				SWIFT_VERSION = 5.0;
				TARGETED_DEVICE_FAMILY = "1,2";
				TEST_HOST = "$(BUILT_PRODUCTS_DIR)/questionsApp.app/$(BUNDLE_EXECUTABLE_FOLDER_PATH)/questionsApp";
			};
			name = Debug;
		};
		BD4C8C682A61949900483B0B /* Release */ = {
			isa = XCBuildConfiguration;
			buildSettings = {
				ALWAYS_EMBED_SWIFT_STANDARD_LIBRARIES = YES;
				BUNDLE_LOADER = "$(TEST_HOST)";
				CODE_SIGN_STYLE = Automatic;
				CURRENT_PROJECT_VERSION = 1;
				GENERATE_INFOPLIST_FILE = YES;
				IPHONEOS_DEPLOYMENT_TARGET = 16.4;
				MARKETING_VERSION = 1.0;
				PRODUCT_BUNDLE_IDENTIFIER = KWK.questionsAppTests;
				PRODUCT_NAME = "$(TARGET_NAME)";
				SWIFT_EMIT_LOC_STRINGS = NO;
				SWIFT_VERSION = 5.0;
				TARGETED_DEVICE_FAMILY = "1,2";
				TEST_HOST = "$(BUILT_PRODUCTS_DIR)/questionsApp.app/$(BUNDLE_EXECUTABLE_FOLDER_PATH)/questionsApp";
			};
			name = Release;
		};
		BD4C8C6A2A61949900483B0B /* Debug */ = {
			isa = XCBuildConfiguration;
			buildSettings = {
				ALWAYS_EMBED_SWIFT_STANDARD_LIBRARIES = YES;
				CODE_SIGN_STYLE = Automatic;
				CURRENT_PROJECT_VERSION = 1;
				GENERATE_INFOPLIST_FILE = YES;
				MARKETING_VERSION = 1.0;
				PRODUCT_BUNDLE_IDENTIFIER = KWK.questionsAppUITests;
				PRODUCT_NAME = "$(TARGET_NAME)";
				SWIFT_EMIT_LOC_STRINGS = NO;
				SWIFT_VERSION = 5.0;
				TARGETED_DEVICE_FAMILY = "1,2";
				TEST_TARGET_NAME = questionsApp;
			};
			name = Debug;
		};
		BD4C8C6B2A61949900483B0B /* Release */ = {
			isa = XCBuildConfiguration;
			buildSettings = {
				ALWAYS_EMBED_SWIFT_STANDARD_LIBRARIES = YES;
				CODE_SIGN_STYLE = Automatic;
				CURRENT_PROJECT_VERSION = 1;
				GENERATE_INFOPLIST_FILE = YES;
				MARKETING_VERSION = 1.0;
				PRODUCT_BUNDLE_IDENTIFIER = KWK.questionsAppUITests;
				PRODUCT_NAME = "$(TARGET_NAME)";
				SWIFT_EMIT_LOC_STRINGS = NO;
				SWIFT_VERSION = 5.0;
				TARGETED_DEVICE_FAMILY = "1,2";
				TEST_TARGET_NAME = questionsApp;
			};
			name = Release;
		};
/* End XCBuildConfiguration section */

/* Begin XCConfigurationList section */
		BD4C8C3A2A61949700483B0B /* Build configuration list for PBXProject "questionsApp" */ = {
			isa = XCConfigurationList;
			buildConfigurations = (
				BD4C8C612A61949900483B0B /* Debug */,
				BD4C8C622A61949900483B0B /* Release */,
			);
			defaultConfigurationIsVisible = 0;
			defaultConfigurationName = Release;
		};
		BD4C8C632A61949900483B0B /* Build configuration list for PBXNativeTarget "questionsApp" */ = {
			isa = XCConfigurationList;
			buildConfigurations = (
				BD4C8C642A61949900483B0B /* Debug */,
				BD4C8C652A61949900483B0B /* Release */,
			);
			defaultConfigurationIsVisible = 0;
			defaultConfigurationName = Release;
		};
		BD4C8C662A61949900483B0B /* Build configuration list for PBXNativeTarget "questionsAppTests" */ = {
			isa = XCConfigurationList;
			buildConfigurations = (
				BD4C8C672A61949900483B0B /* Debug */,
				BD4C8C682A61949900483B0B /* Release */,
			);
			defaultConfigurationIsVisible = 0;
			defaultConfigurationName = Release;
		};
		BD4C8C692A61949900483B0B /* Build configuration list for PBXNativeTarget "questionsAppUITests" */ = {
			isa = XCConfigurationList;
			buildConfigurations = (
				BD4C8C6A2A61949900483B0B /* Debug */,
				BD4C8C6B2A61949900483B0B /* Release */,
			);
			defaultConfigurationIsVisible = 0;
			defaultConfigurationName = Release;
		};
/* End XCConfigurationList section */
	};
	rootObject = BD4C8C372A61949700483B0B /* Project object */;
}
